{
    "name": "xn-myxb-oss",
    "version": "1.0.0",
    "lockfileVersion": 1,
    "requires": true,
    "dependencies": {
        "fis3-postpackager-loader": {
            "version": "2.1.10",
            "resolved": "http://registry.npm.taobao.org/fis3-postpackager-loader/download/fis3-postpackager-loader-2.1.10.tgz",
            "integrity": "sha1-QBbR84FmUSPX9kg51PqOsZPm358=",
            "dev": true,
            "requires": {
                "source-map": "0.5.7"
            }
        },
        "source-map": {
            "version": "0.5.7",
            "resolved": "http://registry.npm.taobao.org/source-map/download/source-map-0.5.7.tgz",
            "integrity": "sha1-igOdLRAh0i0eoUyA2OpGi6LvP8w=",
            "dev": true
        }
    }
}
